
Microsoft Visual Studio Solution File, Format Version 12.00
# Visual Studio Version 17
VisualStudioVersion = 17.3.32811.315
MinimumVisualStudioVersion = 10.0.40219.1
Project("{9A19103F-16F7-4668-BE54-9A1E7A4F7556}") = "MovieWebApp", "MovieWebApp\MovieWebApp.csproj", "{632ABA6C-433D-4C49-886F-8A2E1F96DDFD}"
EndProject
Global
	GlobalSection(SolutionConfigurationPlatforms) = preSolution
		Debug|Any CPU = Debug|Any CPU
		Release|Any CPU = Release|Any CPU
	EndGlobalSection
	GlobalSection(ProjectConfigurationPlatforms) = postSolution
		{632ABA6C-433D-4C49-886F-8A2E1F96DDFD}.Debug|Any CPU.ActiveCfg = Debug|Any CPU
		{632ABA6C-433D-4C49-886F-8A2E1F96DDFD}.Debug|Any CPU.Build.0 = Debug|Any CPU
		{632ABA6C-433D-4C49-886F-8A2E1F96DDFD}.Release|Any CPU.ActiveCfg = Release|Any CPU
		{632ABA6C-433D-4C49-886F-8A2E1F96DDFD}.Release|Any CPU.Build.0 = Release|Any CPU
	EndGlobalSection
	GlobalSection(SolutionProperties) = preSolution
		HideSolutionNode = FALSE
	EndGlobalSection
	GlobalSection(ExtensibilityGlobals) = postSolution
		SolutionGuid = {BE376F91-771B-4DBE-8DAE-24B731093002}
	EndGlobalSection
EndGlobal
